// !$*UTF8*$!
{
	archiveVersion = 1;
	classes = {
	};
	objectVersion = 50;
	objects = {

/* Begin PBXBuildFile section */
		72F3C12D2251A0AB00191AB7 /* AppDelegate.swift in Sources */ = {isa = PBXBuildFile; fileRef = 72F3C12C2251A0AB00191AB7 /* AppDelegate.swift */; };
		72F3C1322251A0AB00191AB7 /* Main.storyboard in Resources */ = {isa = PBXBuildFile; fileRef = 72F3C1302251A0AB00191AB7 /* Main.storyboard */; };
		72F3C1352251A0AB00191AB7 /* My_Shift_Calculator.xcdatamodeld in Sources */ = {isa = PBXBuildFile; fileRef = 72F3C1332251A0AB00191AB7 /* My_Shift_Calculator.xcdatamodeld */; };
		72F3C1372251A0AD00191AB7 /* Assets.xcassets in Resources */ = {isa = PBXBuildFile; fileRef = 72F3C1362251A0AD00191AB7 /* Assets.xcassets */; };
		72F3C13A2251A0AD00191AB7 /* LaunchScreen.storyboard in Resources */ = {isa = PBXBuildFile; fileRef = 72F3C1382251A0AD00191AB7 /* LaunchScreen.storyboard */; };
		72F3C1452253114C00191AB7 /* Home.swift in Sources */ = {isa = PBXBuildFile; fileRef = 72F3C1442253114C00191AB7 /* Home.swift */; };
		72F3C14822532D8F00191AB7 /* CustomizeBtn.swift in Sources */ = {isa = PBXBuildFile; fileRef = 72F3C14722532D8F00191AB7 /* CustomizeBtn.swift */; };
		72F3C14A225412A900191AB7 /* SuccessModal.swift in Sources */ = {isa = PBXBuildFile; fileRef = 72F3C149225412A900191AB7 /* SuccessModal.swift */; };
		72F3C14C22543DFB00191AB7 /* ChooseWorkPlaceModVC.swift in Sources */ = {isa = PBXBuildFile; fileRef = 72F3C14B22543DFB00191AB7 /* ChooseWorkPlaceModVC.swift */; };
		72F3C14E2254402C00191AB7 /* CustomBtnSmallerModel.swift in Sources */ = {isa = PBXBuildFile; fileRef = 72F3C14D2254402C00191AB7 /* CustomBtnSmallerModel.swift */; };
		72F3C1502254500A00191AB7 /* CreateWorkplaceVC.swift in Sources */ = {isa = PBXBuildFile; fileRef = 72F3C14F2254500A00191AB7 /* CreateWorkplaceVC.swift */; };
		72F3C152225454CE00191AB7 /* CustomTxtField.swift in Sources */ = {isa = PBXBuildFile; fileRef = 72F3C151225454CE00191AB7 /* CustomTxtField.swift */; };
		72F3C154225638AC00191AB7 /* BottomModal.swift in Sources */ = {isa = PBXBuildFile; fileRef = 72F3C153225638AB00191AB7 /* BottomModal.swift */; };
/* End PBXBuildFile section */

/* Begin PBXFileReference section */
		72F3C1292251A0AB00191AB7 /* My Shift Calculator.app */ = {isa = PBXFileReference; explicitFileType = wrapper.application; includeInIndex = 0; path = "My Shift Calculator.app"; sourceTree = BUILT_PRODUCTS_DIR; };
		72F3C12C2251A0AB00191AB7 /* AppDelegate.swift */ = {isa = PBXFileReference; lastKnownFileType = sourcecode.swift; path = AppDelegate.swift; sourceTree = "<group>"; };
		72F3C1312251A0AB00191AB7 /* Base */ = {isa = PBXFileReference; lastKnownFileType = file.storyboard; name = Base; path = Base.lproj/Main.storyboard; sourceTree = "<group>"; };
		72F3C1342251A0AB00191AB7 /* My_Shift_Calculator.xcdatamodel */ = {isa = PBXFileReference; lastKnownFileType = wrapper.xcdatamodel; path = My_Shift_Calculator.xcdatamodel; sourceTree = "<group>"; };
		72F3C1362251A0AD00191AB7 /* Assets.xcassets */ = {isa = PBXFileReference; lastKnownFileType = folder.assetcatalog; path = Assets.xcassets; sourceTree = "<group>"; };
		72F3C1392251A0AD00191AB7 /* Base */ = {isa = PBXFileReference; lastKnownFileType = file.storyboard; name = Base; path = Base.lproj/LaunchScreen.storyboard; sourceTree = "<group>"; };
		72F3C13B2251A0AD00191AB7 /* Info.plist */ = {isa = PBXFileReference; lastKnownFileType = text.plist.xml; path = Info.plist; sourceTree = "<group>"; };
		72F3C1442253114C00191AB7 /* Home.swift */ = {isa = PBXFileReference; lastKnownFileType = sourcecode.swift; path = Home.swift; sourceTree = "<group>"; };
		72F3C14722532D8F00191AB7 /* CustomizeBtn.swift */ = {isa = PBXFileReference; lastKnownFileType = sourcecode.swift; path = CustomizeBtn.swift; sourceTree = "<group>"; };
		72F3C149225412A900191AB7 /* SuccessModal.swift */ = {isa = PBXFileReference; lastKnownFileType = sourcecode.swift; path = SuccessModal.swift; sourceTree = "<group>"; };
		72F3C14B22543DFB00191AB7 /* ChooseWorkPlaceModVC.swift */ = {isa = PBXFileReference; lastKnownFileType = sourcecode.swift; path = ChooseWorkPlaceModVC.swift; sourceTree = "<group>"; };
		72F3C14D2254402C00191AB7 /* CustomBtnSmallerModel.swift */ = {isa = PBXFileReference; lastKnownFileType = sourcecode.swift; path = CustomBtnSmallerModel.swift; sourceTree = "<group>"; };
		72F3C14F2254500A00191AB7 /* CreateWorkplaceVC.swift */ = {isa = PBXFileReference; lastKnownFileType = sourcecode.swift; path = CreateWorkplaceVC.swift; sourceTree = "<group>"; };
		72F3C151225454CE00191AB7 /* CustomTxtField.swift */ = {isa = PBXFileReference; lastKnownFileType = sourcecode.swift; path = CustomTxtField.swift; sourceTree = "<group>"; };
		72F3C153225638AB00191AB7 /* BottomModal.swift */ = {isa = PBXFileReference; lastKnownFileType = sourcecode.swift; path = BottomModal.swift; sourceTree = "<group>"; };
/* End PBXFileReference section */

/* Begin PBXFrameworksBuildPhase section */
		72F3C1262251A0AB00191AB7 /* Frameworks */ = {
			isa = PBXFrameworksBuildPhase;
			buildActionMask = 2147483647;
			files = (
			);
			runOnlyForDeploymentPostprocessing = 0;
		};
/* End PBXFrameworksBuildPhase section */

/* Begin PBXGroup section */
		72F3C1202251A0AB00191AB7 = {
			isa = PBXGroup;
			children = (
				72F3C12B2251A0AB00191AB7 /* My Shift Calculator */,
				72F3C12A2251A0AB00191AB7 /* Products */,
			);
			sourceTree = "<group>";
		};
		72F3C12A2251A0AB00191AB7 /* Products */ = {
			isa = PBXGroup;
			children = (
				72F3C1292251A0AB00191AB7 /* My Shift Calculator.app */,
			);
			name = Products;
			sourceTree = "<group>";
		};
		72F3C12B2251A0AB00191AB7 /* My Shift Calculator */ = {
			isa = PBXGroup;
			children = (
				72F3C14622532D2500191AB7 /* Utilities */,
				72F3C1432251A0F200191AB7 /* Model */,
				72F3C1422251A0EB00191AB7 /* View */,
				72F3C1412251A0E300191AB7 /* Controller */,
				72F3C12C2251A0AB00191AB7 /* AppDelegate.swift */,
				72F3C1362251A0AD00191AB7 /* Assets.xcassets */,
				72F3C1382251A0AD00191AB7 /* LaunchScreen.storyboard */,
				72F3C13B2251A0AD00191AB7 /* Info.plist */,
				72F3C1332251A0AB00191AB7 /* My_Shift_Calculator.xcdatamodeld */,
			);
			path = "My Shift Calculator";
			sourceTree = "<group>";
		};
		72F3C1412251A0E300191AB7 /* Controller */ = {
			isa = PBXGroup;
			children = (
				72F3C1442253114C00191AB7 /* Home.swift */,
				72F3C149225412A900191AB7 /* SuccessModal.swift */,
				72F3C14B22543DFB00191AB7 /* ChooseWorkPlaceModVC.swift */,
				72F3C14F2254500A00191AB7 /* CreateWorkplaceVC.swift */,
			);
			path = Controller;
			sourceTree = "<group>";
		};
		72F3C1422251A0EB00191AB7 /* View */ = {
			isa = PBXGroup;
			children = (
				72F3C1302251A0AB00191AB7 /* Main.storyboard */,
				72F3C14722532D8F00191AB7 /* CustomizeBtn.swift */,
				72F3C14D2254402C00191AB7 /* CustomBtnSmallerModel.swift */,
				72F3C151225454CE00191AB7 /* CustomTxtField.swift */,
				72F3C153225638AB00191AB7 /* BottomModal.swift */,
			);
			path = View;
			sourceTree = "<group>";
		};
		72F3C1432251A0F200191AB7 /* Model */ = {
			isa = PBXGroup;
			children = (
			);
			path = Model;
			sourceTree = "<group>";
		};
		72F3C14622532D2500191AB7 /* Utilities */ = {
			isa = PBXGroup;
			children = (
			);
			path = Utilities;
			sourceTree = "<group>";
		};
/* End PBXGroup section */

/* Begin PBXNativeTarget section */
		72F3C1282251A0AB00191AB7 /* My Shift Calculator */ = {
			isa = PBXNativeTarget;
			buildConfigurationList = 72F3C13E2251A0AD00191AB7 /* Build configuration list for PBXNativeTarget "My Shift Calculator" */;
			buildPhases = (
				72F3C1252251A0AB00191AB7 /* Sources */,
				72F3C1262251A0AB00191AB7 /* Frameworks */,
				72F3C1272251A0AB00191AB7 /* Resources */,
			);
			buildRules = (
			);
			dependencies = (
			);
			name = "My Shift Calculator";
			productName = "My Shift Calculator";
			productReference = 72F3C1292251A0AB00191AB7 /* My Shift Calculator.app */;
			productType = "com.apple.product-type.application";
		};
/* End PBXNativeTarget section */

/* Begin PBXProject section */
		72F3C1212251A0AB00191AB7 /* Project object */ = {
			isa = PBXProject;
			attributes = {
				LastSwiftUpdateCheck = 1010;
				LastUpgradeCheck = 1010;
				ORGANIZATIONNAME = "Ed Em";
				TargetAttributes = {
					72F3C1282251A0AB00191AB7 = {
						CreatedOnToolsVersion = 10.1;
					};
				};
			};
			buildConfigurationList = 72F3C1242251A0AB00191AB7 /* Build configuration list for PBXProject "My Shift Calculator" */;
			compatibilityVersion = "Xcode 9.3";
			developmentRegion = en;
			hasScannedForEncodings = 0;
			knownRegions = (
				en,
				Base,
			);
			mainGroup = 72F3C1202251A0AB00191AB7;
			productRefGroup = 72F3C12A2251A0AB00191AB7 /* Products */;
			projectDirPath = "";
			projectRoot = "";
			targets = (
				72F3C1282251A0AB00191AB7 /* My Shift Calculator */,
			);
		};
/* End PBXProject section */

/* Begin PBXResourcesBuildPhase section */
		72F3C1272251A0AB00191AB7 /* Resources */ = {
			isa = PBXResourcesBuildPhase;
			buildActionMask = 2147483647;
			files = (
				72F3C13A2251A0AD00191AB7 /* LaunchScreen.storyboard in Resources */,
				72F3C1372251A0AD00191AB7 /* Assets.xcassets in Resources */,
				72F3C1322251A0AB00191AB7 /* Main.storyboard in Resources */,
			);
			runOnlyForDeploymentPostprocessing = 0;
		};
/* End PBXResourcesBuildPhase section */

/* Begin PBXSourcesBuildPhase section */
		72F3C1252251A0AB00191AB7 /* Sources */ = {
			isa = PBXSourcesBuildPhase;
			buildActionMask = 2147483647;
			files = (
				72F3C154225638AC00191AB7 /* BottomModal.swift in Sources */,
				72F3C14822532D8F00191AB7 /* CustomizeBtn.swift in Sources */,
				72F3C14A225412A900191AB7 /* SuccessModal.swift in Sources */,
				72F3C14C22543DFB00191AB7 /* ChooseWorkPlaceModVC.swift in Sources */,
				72F3C1352251A0AB00191AB7 /* My_Shift_Calculator.xcdatamodeld in Sources */,
				72F3C1452253114C00191AB7 /* Home.swift in Sources */,
				72F3C152225454CE00191AB7 /* CustomTxtField.swift in Sources */,
				72F3C14E2254402C00191AB7 /* CustomBtnSmallerModel.swift in Sources */,
				72F3C12D2251A0AB00191AB7 /* AppDelegate.swift in Sources */,
				72F3C1502254500A00191AB7 /* CreateWorkplaceVC.swift in Sources */,
			);
			runOnlyForDeploymentPostprocessing = 0;
		};
/* End PBXSourcesBuildPhase section */

/* Begin PBXVariantGroup section */
		72F3C1302251A0AB00191AB7 /* Main.storyboard */ = {
			isa = PBXVariantGroup;
			children = (
				72F3C1312251A0AB00191AB7 /* Base */,
			);
			name = Main.storyboard;
			sourceTree = "<group>";
		};
		72F3C1382251A0AD00191AB7 /* LaunchScreen.storyboard */ = {
			isa = PBXVariantGroup;
			children = (
				72F3C1392251A0AD00191AB7 /* Base */,
			);
			name = LaunchScreen.storyboard;
			sourceTree = "<group>";
		};
/* End PBXVariantGroup section */

/* Begin XCBuildConfiguration section */
		72F3C13C2251A0AD00191AB7 /* Debug */ = {
			isa = XCBuildConfiguration;
			buildSettings = {
				ALWAYS_SEARCH_USER_PATHS = NO;
				CLANG_ANALYZER_NONNULL = YES;
				CLANG_ANALYZER_NUMBER_OBJECT_CONVERSION = YES_AGGRESSIVE;
				CLANG_CXX_LANGUAGE_STANDARD = "gnu++14";
				CLANG_CXX_LIBRARY = "libc++";
				CLANG_ENABLE_MODULES = YES;
				CLANG_ENABLE_OBJC_ARC = YES;
				CLANG_ENABLE_OBJC_WEAK = YES;
				CLANG_WARN_BLOCK_CAPTURE_AUTORELEASING = YES;
				CLANG_WARN_BOOL_CONVERSION = YES;
				CLANG_WARN_COMMA = YES;
				CLANG_WARN_CONSTANT_CONVERSION = YES;
				CLANG_WARN_DEPRECATED_OBJC_IMPLEMENTATIONS = YES;
				CLANG_WARN_DIRECT_OBJC_ISA_USAGE = YES_ERROR;
				CLANG_WARN_DOCUMENTATION_COMMENTS = YES;
				CLANG_WARN_EMPTY_BODY = YES;
				CLANG_WARN_ENUM_CONVERSION = YES;
				CLANG_WARN_INFINITE_RECURSION = YES;
				CLANG_WARN_INT_CONVERSION = YES;
				CLANG_WARN_NON_LITERAL_NULL_CONVERSION = YES;
				CLANG_WARN_OBJC_IMPLICIT_RETAIN_SELF = YES;
				CLANG_WARN_OBJC_LITERAL_CONVERSION = YES;
				CLANG_WARN_OBJC_ROOT_CLASS = YES_ERROR;
				CLANG_WARN_RANGE_LOOP_ANALYSIS = YES;
				CLANG_WARN_STRICT_PROTOTYPES = YES;
				CLANG_WARN_SUSPICIOUS_MOVE = YES;
				CLANG_WARN_UNGUARDED_AVAILABILITY = YES_AGGRESSIVE;
				CLANG_WARN_UNREACHABLE_CODE = YES;
				CLANG_WARN__DUPLICATE_METHOD_MATCH = YES;
				CODE_SIGN_IDENTITY = "iPhone Developer";
				COPY_PHASE_STRIP = NO;
				DEBUG_INFORMATION_FORMAT = dwarf;
				ENABLE_STRICT_OBJC_MSGSEND = YES;
				ENABLE_TESTABILITY = YES;
				GCC_C_LANGUAGE_STANDARD = gnu11;
				GCC_DYNAMIC_NO_PIC = NO;
				GCC_NO_COMMON_BLOCKS = YES;
				GCC_OPTIMIZATION_LEVEL = 0;
				GCC_PREPROCESSOR_DEFINITIONS = (
					"DEBUG=1",
					"$(inherited)",
				);
				GCC_WARN_64_TO_32_BIT_CONVERSION = YES;
				GCC_WARN_ABOUT_RETURN_TYPE = YES_ERROR;
				GCC_WARN_UNDECLARED_SELECTOR = YES;
				GCC_WARN_UNINITIALIZED_AUTOS = YES_AGGRESSIVE;
				GCC_WARN_UNUSED_FUNCTION = YES;
				GCC_WARN_UNUSED_VARIABLE = YES;
				IPHONEOS_DEPLOYMENT_TARGET = 12.1;
				MTL_ENABLE_DEBUG_INFO = INCLUDE_SOURCE;
				MTL_FAST_MATH = YES;
				ONLY_ACTIVE_ARCH = YES;
				SDKROOT = iphoneos;
				SWIFT_ACTIVE_COMPILATION_CONDITIONS = DEBUG;
				SWIFT_OPTIMIZATION_LEVEL = "-Onone";
			};
			name = Debug;
		};
		72F3C13D2251A0AD00191AB7 /* Release */ = {
			isa = XCBuildConfiguration;
			buildSettings = {
				ALWAYS_SEARCH_USER_PATHS = NO;
				CLANG_ANALYZER_NONNULL = YES;
				CLANG_ANALYZER_NUMBER_OBJECT_CONVERSION = YES_AGGRESSIVE;
				CLANG_CXX_LANGUAGE_STANDARD = "gnu++14";
				CLANG_CXX_LIBRARY = "libc++";
				CLANG_ENABLE_MODULES = YES;
				CLANG_ENABLE_OBJC_ARC = YES;
				CLANG_ENABLE_OBJC_WEAK = YES;
				CLANG_WARN_BLOCK_CAPTURE_AUTORELEASING = YES;
				CLANG_WARN_BOOL_CONVERSION = YES;
				CLANG_WARN_COMMA = YES;
				CLANG_WARN_CONSTANT_CONVERSION = YES;
				CLANG_WARN_DEPRECATED_OBJC_IMPLEMENTATIONS = YES;
				CLANG_WARN_DIRECT_OBJC_ISA_USAGE = YES_ERROR;
				CLANG_WARN_DOCUMENTATION_COMMENTS = YES;
				CLANG_WARN_EMPTY_BODY = YES;
				CLANG_WARN_ENUM_CONVERSION = YES;
				CLANG_WARN_INFINITE_RECURSION = YES;
				CLANG_WARN_INT_CONVERSION = YES;
				CLANG_WARN_NON_LITERAL_NULL_CONVERSION = YES;
				CLANG_WARN_OBJC_IMPLICIT_RETAIN_SELF = YES;
				CLANG_WARN_OBJC_LITERAL_CONVERSION = YES;
				CLANG_WARN_OBJC_ROOT_CLASS = YES_ERROR;
				CLANG_WARN_RANGE_LOOP_ANALYSIS = YES;
				CLANG_WARN_STRICT_PROTOTYPES = YES;
				CLANG_WARN_SUSPICIOUS_MOVE = YES;
				CLANG_WARN_UNGUARDED_AVAILABILITY = YES_AGGRESSIVE;
				CLANG_WARN_UNREACHABLE_CODE = YES;
				CLANG_WARN__DUPLICATE_METHOD_MATCH = YES;
				CODE_SIGN_IDENTITY = "iPhone Developer";
				COPY_PHASE_STRIP = NO;
				DEBUG_INFORMATION_FORMAT = "dwarf-with-dsym";
				ENABLE_NS_ASSERTIONS = NO;
				ENABLE_STRICT_OBJC_MSGSEND = YES;
				GCC_C_LANGUAGE_STANDARD = gnu11;
				GCC_NO_COMMON_BLOCKS = YES;
				GCC_WARN_64_TO_32_BIT_CONVERSION = YES;
				GCC_WARN_ABOUT_RETURN_TYPE = YES_ERROR;
				GCC_WARN_UNDECLARED_SELECTOR = YES;
				GCC_WARN_UNINITIALIZED_AUTOS = YES_AGGRESSIVE;
				GCC_WARN_UNUSED_FUNCTION = YES;
				GCC_WARN_UNUSED_VARIABLE = YES;
				IPHONEOS_DEPLOYMENT_TARGET = 12.1;
				MTL_ENABLE_DEBUG_INFO = NO;
				MTL_FAST_MATH = YES;
				SDKROOT = iphoneos;
				SWIFT_COMPILATION_MODE = wholemodule;
				SWIFT_OPTIMIZATION_LEVEL = "-O";
				VALIDATE_PRODUCT = YES;
			};
			name = Release;
		};
		72F3C13F2251A0AD00191AB7 /* Debug */ = {
			isa = XCBuildConfiguration;
			buildSettings = {
				ASSETCATALOG_COMPILER_APPICON_NAME = AppIcon;
				CODE_SIGN_STYLE = Automatic;
				DEVELOPMENT_TEAM = 8LFL44N4ND;
				INFOPLIST_FILE = "My Shift Calculator/Info.plist";
				LD_RUNPATH_SEARCH_PATHS = (
					"$(inherited)",
					"@executable_path/Frameworks",
				);
				PRODUCT_BUNDLE_IDENTIFIER = "com.doamenelz.My-Shift-Calculator";
				PRODUCT_NAME = "$(TARGET_NAME)";
				SWIFT_VERSION = 4.2;
				TARGETED_DEVICE_FAMILY = "1,2";
			};
			name = Debug;
		};
		72F3C1402251A0AD00191AB7 /* Release */ = {
			isa = XCBuildConfiguration;
			buildSettings = {
				ASSETCATALOG_COMPILER_APPICON_NAME = AppIcon;
				CODE_SIGN_STYLE = Automatic;
				DEVELOPMENT_TEAM = 8LFL44N4ND;
				INFOPLIST_FILE = "My Shift Calculator/Info.plist";
				LD_RUNPATH_SEARCH_PATHS = (
					"$(inherited)",
					"@executable_path/Frameworks",
				);
				PRODUCT_BUNDLE_IDENTIFIER = "com.doamenelz.My-Shift-Calculator";
				PRODUCT_NAME = "$(TARGET_NAME)";
				SWIFT_VERSION = 4.2;
				TARGETED_DEVICE_FAMILY = "1,2";
			};
			name = Release;
		};
/* End XCBuildConfiguration section */

/* Begin XCConfigurationList section */
		72F3C1242251A0AB00191AB7 /* Build configuration list for PBXProject "My Shift Calculator" */ = {
			isa = XCConfigurationList;
			buildConfigurations = (
				72F3C13C2251A0AD00191AB7 /* Debug */,
				72F3C13D2251A0AD00191AB7 /* Release */,
			);
			defaultConfigurationIsVisible = 0;
			defaultConfigurationName = Release;
		};
		72F3C13E2251A0AD00191AB7 /* Build configuration list for PBXNativeTarget "My Shift Calculator" */ = {
			isa = XCConfigurationList;
			buildConfigurations = (
				72F3C13F2251A0AD00191AB7 /* Debug */,
				72F3C1402251A0AD00191AB7 /* Release */,
			);
			defaultConfigurationIsVisible = 0;
			defaultConfigurationName = Release;
		};
/* End XCConfigurationList section */

/* Begin XCVersionGroup section */
		72F3C1332251A0AB00191AB7 /* My_Shift_Calculator.xcdatamodeld */ = {
			isa = XCVersionGroup;
			children = (
				72F3C1342251A0AB00191AB7 /* My_Shift_Calculator.xcdatamodel */,
			);
			currentVersion = 72F3C1342251A0AB00191AB7 /* My_Shift_Calculator.xcdatamodel */;
			path = My_Shift_Calculator.xcdatamodeld;
			sourceTree = "<group>";
			versionGroupType = wrapper.xcdatamodel;
		};
/* End XCVersionGroup section */
	};
	rootObject = 72F3C1212251A0AB00191AB7 /* Project object */;
}
